
Microsoft Visual Studio Solution File, Format Version 10.00
# Visual Web Developer Express 2008
Project("{FAE04EC0-301F-11D3-BF4B-00C04F79EFBC}") = "ScLib", "ScLib\ScLib.csproj", "{7CC0D52A-6387-486E-9036-39302F93677A}"
EndProject
Project("{FAE04EC0-301F-11D3-BF4B-00C04F79EFBC}") = "Website", "Website\Website.csproj", "{1C0777D1-6498-47C7-A299-114855CFE84E}"
EndProject
Global
	GlobalSection(SolutionConfigurationPlatforms) = preSolution
		Debug|Any CPU = Debug|Any CPU
		Release|Any CPU = Release|Any CPU
	EndGlobalSection
	GlobalSection(ProjectConfigurationPlatforms) = postSolution
		{7CC0D52A-6387-486E-9036-39302F93677A}.Debug|Any CPU.ActiveCfg = Debug|Any CPU
		{7CC0D52A-6387-486E-9036-39302F93677A}.Debug|Any CPU.Build.0 = Debug|Any CPU
		{7CC0D52A-6387-486E-9036-39302F93677A}.Release|Any CPU.ActiveCfg = Release|Any CPU
		{7CC0D52A-6387-486E-9036-39302F93677A}.Release|Any CPU.Build.0 = Release|Any CPU
		{1C0777D1-6498-47C7-A299-114855CFE84E}.Debug|Any CPU.ActiveCfg = Debug|Any CPU
		{1C0777D1-6498-47C7-A299-114855CFE84E}.Debug|Any CPU.Build.0 = Debug|Any CPU
		{1C0777D1-6498-47C7-A299-114855CFE84E}.Release|Any CPU.ActiveCfg = Release|Any CPU
		{1C0777D1-6498-47C7-A299-114855CFE84E}.Release|Any CPU.Build.0 = Release|Any CPU
	EndGlobalSection
	GlobalSection(SolutionProperties) = preSolution
		HideSolutionNode = FALSE
	EndGlobalSection
EndGlobal
